
Microsoft Visual Studio Solution File, Format Version 12.00
# Visual Studio Version 16
VisualStudioVersion = 16.0.29911.84
MinimumVisualStudioVersion = 10.0.40219.1
Project("{9A19103F-16F7-4668-BE54-9A1E7A4F7556}") = "XUnitTestProject1", "XUnitTestProject1\XUnitTestProject1.csproj", "{5FA0332C-A12E-445C-AEEB-E535F4397E34}"
EndProject
Project("{9A19103F-16F7-4668-BE54-9A1E7A4F7556}") = "UnitTestingDiagnostics.Collector", "UnitTestingDiagnostics\UnitTestingDiagnostics.Collector.csproj", "{C6FC85E8-D5D3-4524-9C2F-EC1AF606D1BC}"
EndProject
Project("{FAE04EC0-301F-11D3-BF4B-00C04F79EFBC}") = "XUnitTestProject2", "XUnitTestProject2\XUnitTestProject2.csproj", "{F266A763-F387-4453-B4E6-D798C22FB24A}"
EndProject
Project("{FAE04EC0-301F-11D3-BF4B-00C04F79EFBC}") = "XUnitTestProject3", "XUnitTestProject3\XUnitTestProject3.csproj", "{6D2BA40F-06BA-470D-B52D-8B26D0DF83B8}"
EndProject
Project("{FAE04EC0-301F-11D3-BF4B-00C04F79EFBC}") = "XUnitTestProject4", "XUnitTestProject4\XUnitTestProject4.csproj", "{CB188526-4127-4BD6-BB66-CCEDC04D3C6A}"
EndProject
Global
	GlobalSection(SolutionConfigurationPlatforms) = preSolution
		Debug|Any CPU = Debug|Any CPU
		Release|Any CPU = Release|Any CPU
	EndGlobalSection
	GlobalSection(ProjectConfigurationPlatforms) = postSolution
		{5FA0332C-A12E-445C-AEEB-E535F4397E34}.Debug|Any CPU.ActiveCfg = Debug|Any CPU
		{5FA0332C-A12E-445C-AEEB-E535F4397E34}.Debug|Any CPU.Build.0 = Debug|Any CPU
		{5FA0332C-A12E-445C-AEEB-E535F4397E34}.Release|Any CPU.ActiveCfg = Release|Any CPU
		{5FA0332C-A12E-445C-AEEB-E535F4397E34}.Release|Any CPU.Build.0 = Release|Any CPU
		{C6FC85E8-D5D3-4524-9C2F-EC1AF606D1BC}.Debug|Any CPU.ActiveCfg = Debug|Any CPU
		{C6FC85E8-D5D3-4524-9C2F-EC1AF606D1BC}.Debug|Any CPU.Build.0 = Debug|Any CPU
		{C6FC85E8-D5D3-4524-9C2F-EC1AF606D1BC}.Release|Any CPU.ActiveCfg = Release|Any CPU
		{C6FC85E8-D5D3-4524-9C2F-EC1AF606D1BC}.Release|Any CPU.Build.0 = Release|Any CPU
		{F266A763-F387-4453-B4E6-D798C22FB24A}.Debug|Any CPU.ActiveCfg = Debug|Any CPU
		{F266A763-F387-4453-B4E6-D798C22FB24A}.Debug|Any CPU.Build.0 = Debug|Any CPU
		{F266A763-F387-4453-B4E6-D798C22FB24A}.Release|Any CPU.ActiveCfg = Release|Any CPU
		{F266A763-F387-4453-B4E6-D798C22FB24A}.Release|Any CPU.Build.0 = Release|Any CPU
		{6D2BA40F-06BA-470D-B52D-8B26D0DF83B8}.Debug|Any CPU.ActiveCfg = Debug|Any CPU
		{6D2BA40F-06BA-470D-B52D-8B26D0DF83B8}.Debug|Any CPU.Build.0 = Debug|Any CPU
		{6D2BA40F-06BA-470D-B52D-8B26D0DF83B8}.Release|Any CPU.ActiveCfg = Release|Any CPU
		{6D2BA40F-06BA-470D-B52D-8B26D0DF83B8}.Release|Any CPU.Build.0 = Release|Any CPU
		{CB188526-4127-4BD6-BB66-CCEDC04D3C6A}.Debug|Any CPU.ActiveCfg = Debug|Any CPU
		{CB188526-4127-4BD6-BB66-CCEDC04D3C6A}.Debug|Any CPU.Build.0 = Debug|Any CPU
		{CB188526-4127-4BD6-BB66-CCEDC04D3C6A}.Release|Any CPU.ActiveCfg = Release|Any CPU
		{CB188526-4127-4BD6-BB66-CCEDC04D3C6A}.Release|Any CPU.Build.0 = Release|Any CPU
	EndGlobalSection
	GlobalSection(SolutionProperties) = preSolution
		HideSolutionNode = FALSE
	EndGlobalSection
	GlobalSection(ExtensibilityGlobals) = postSolution
		SolutionGuid = {F0C61B89-2976-435F-AD23-6A573D6BF233}
	EndGlobalSection
EndGlobal
